
Microsoft Visual Studio Solution File, Format Version 12.00
Project("{FAE04EC0-301F-11D3-BF4B-00C04F79EFBC}") = "FlowerApp.Service", "FlowerApp.Service\FlowerApp.Service.csproj", "{B39636B6-2C44-4DB6-9FB4-DBF6FECA4FC4}"
EndProject
Global
	GlobalSection(SolutionConfigurationPlatforms) = preSolution
		Debug|Any CPU = Debug|Any CPU
		Release|Any CPU = Release|Any CPU
	EndGlobalSection
	GlobalSection(ProjectConfigurationPlatforms) = postSolution
		{B39636B6-2C44-4DB6-9FB4-DBF6FECA4FC4}.Debug|Any CPU.ActiveCfg = Debug|Any CPU
		{B39636B6-2C44-4DB6-9FB4-DBF6FECA4FC4}.Debug|Any CPU.Build.0 = Debug|Any CPU
		{B39636B6-2C44-4DB6-9FB4-DBF6FECA4FC4}.Release|Any CPU.ActiveCfg = Release|Any CPU
		{B39636B6-2C44-4DB6-9FB4-DBF6FECA4FC4}.Release|Any CPU.Build.0 = Release|Any CPU
	EndGlobalSection
EndGlobal
